
Microsoft Visual Studio Solution File, Format Version 12.00
# Visual Studio Version 17
VisualStudioVersion = 17.0.31912.275
MinimumVisualStudioVersion = 10.0.40219.1
Project("{FAE04EC0-301F-11D3-BF4B-00C04F79EFBC}") = "M2S11Pets", "M2S11Pets\M2S11Pets.csproj", "{1DACA4E3-9D33-4D7F-A4F9-22AAEB1F78D3}"
EndProject
Global
	GlobalSection(SolutionConfigurationPlatforms) = preSolution
		Debug|Any CPU = Debug|Any CPU
		Release|Any CPU = Release|Any CPU
	EndGlobalSection
	GlobalSection(ProjectConfigurationPlatforms) = postSolution
		{1DACA4E3-9D33-4D7F-A4F9-22AAEB1F78D3}.Debug|Any CPU.ActiveCfg = Debug|Any CPU
		{1DACA4E3-9D33-4D7F-A4F9-22AAEB1F78D3}.Debug|Any CPU.Build.0 = Debug|Any CPU
		{1DACA4E3-9D33-4D7F-A4F9-22AAEB1F78D3}.Release|Any CPU.ActiveCfg = Release|Any CPU
		{1DACA4E3-9D33-4D7F-A4F9-22AAEB1F78D3}.Release|Any CPU.Build.0 = Release|Any CPU
	EndGlobalSection
	GlobalSection(SolutionProperties) = preSolution
		HideSolutionNode = FALSE
	EndGlobalSection
	GlobalSection(ExtensibilityGlobals) = postSolution
		SolutionGuid = {2CBF5073-7338-44AF-937C-1D946429F34C}
	EndGlobalSection
EndGlobal
